{
  "originHash" : "45f98a273ff91073b85230aee8f6b8b938aee1be943d10a24d78d2712aa4d18e",
  "pins" : [
    {
      "identity" : "gis-tools",
      "kind" : "remoteSourceControl",
      "location" : "https://github.com/Outdooractive/gis-tools.git",
      "state" : {
        "revision" : "f156c82d96b2a088e0c3490eb9b9fb3067520b2d",
        "version" : "2.0.0"
      }
    }
  ],
  "version" : 3
}
