{
  "originHash" : "6a836b02007b38577c1fa1b9fc082c83997f64346627ceba7cad6b8b48112f6a",
  "pins" : [
    {
      "identity" : "gis-tools",
      "kind" : "remoteSourceControl",
      "location" : "https://github.com/Outdooractive/gis-tools.git",
      "state" : {
        "branch" : "main",
        "revision" : "8d9024cb749a3ea4f7cf92e7369af4503f0f87de"
      }
    }
  ],
  "version" : 3
}
